
Microsoft Visual Studio Solution File, Format Version 12.00
# Visual Studio Version 17
VisualStudioVersion = 17.0.31903.59
MinimumVisualStudioVersion = 10.0.40219.1
Project("{2150E333-8FDC-42A3-9474-1A3956D46DE8}") = "src", "src", "{827E0CD3-B72D-47B6-A68D-7590B98EB39B}"
EndProject
Project("{FAE04EC0-301F-11D3-BF4B-00C04F79EFBC}") = "SplitSwan.Core", "src\SplitSwan.Core\SplitSwan.Core.csproj", "{46263BAC-92FC-4083-8C68-8BFDA35A6266}"
EndProject
Project("{2150E333-8FDC-42A3-9474-1A3956D46DE8}") = "tests", "tests", "{0AB3BF05-4346-4AA6-1389-037BE0695223}"
EndProject
Project("{FAE04EC0-301F-11D3-BF4B-00C04F79EFBC}") = "SplitSwan.Core.Tests", "tests\SplitSwan.Core.Tests\SplitSwan.Core.Tests.csproj", "{495EF39C-8589-4964-9A3F-A7E77646D01E}"
EndProject
Project("{FAE04EC0-301F-11D3-BF4B-00C04F79EFBC}") = "SplitSwan.Tray", "src\SplitSwan.Tray\SplitSwan.Tray.csproj", "{72849233-4323-4984-8A40-C53CC0143A78}"
EndProject
Global
	GlobalSection(SolutionConfigurationPlatforms) = preSolution
		Debug|Any CPU = Debug|Any CPU
		Debug|x64 = Debug|x64
		Debug|x86 = Debug|x86
		Release|Any CPU = Release|Any CPU
		Release|x64 = Release|x64
		Release|x86 = Release|x86
	EndGlobalSection
	GlobalSection(ProjectConfigurationPlatforms) = postSolution
		{46263BAC-92FC-4083-8C68-8BFDA35A6266}.Debug|Any CPU.ActiveCfg = Debug|Any CPU
		{46263BAC-92FC-4083-8C68-8BFDA35A6266}.Debug|Any CPU.Build.0 = Debug|Any CPU
		{46263BAC-92FC-4083-8C68-8BFDA35A6266}.Debug|x64.ActiveCfg = Debug|Any CPU
		{46263BAC-92FC-4083-8C68-8BFDA35A6266}.Debug|x64.Build.0 = Debug|Any CPU
		{46263BAC-92FC-4083-8C68-8BFDA35A6266}.Debug|x86.ActiveCfg = Debug|Any CPU
		{46263BAC-92FC-4083-8C68-8BFDA35A6266}.Debug|x86.Build.0 = Debug|Any CPU
		{46263BAC-92FC-4083-8C68-8BFDA35A6266}.Release|Any CPU.ActiveCfg = Release|Any CPU
		{46263BAC-92FC-4083-8C68-8BFDA35A6266}.Release|Any CPU.Build.0 = Release|Any CPU
		{46263BAC-92FC-4083-8C68-8BFDA35A6266}.Release|x64.ActiveCfg = Release|Any CPU
		{46263BAC-92FC-4083-8C68-8BFDA35A6266}.Release|x64.Build.0 = Release|Any CPU
		{46263BAC-92FC-4083-8C68-8BFDA35A6266}.Release|x86.ActiveCfg = Release|Any CPU
		{46263BAC-92FC-4083-8C68-8BFDA35A6266}.Release|x86.Build.0 = Release|Any CPU
		{495EF39C-8589-4964-9A3F-A7E77646D01E}.Debug|Any CPU.ActiveCfg = Debug|Any CPU
		{495EF39C-8589-4964-9A3F-A7E77646D01E}.Debug|Any CPU.Build.0 = Debug|Any CPU
		{495EF39C-8589-4964-9A3F-A7E77646D01E}.Debug|x64.ActiveCfg = Debug|Any CPU
		{495EF39C-8589-4964-9A3F-A7E77646D01E}.Debug|x64.Build.0 = Debug|Any CPU
		{495EF39C-8589-4964-9A3F-A7E77646D01E}.Debug|x86.ActiveCfg = Debug|Any CPU
		{495EF39C-8589-4964-9A3F-A7E77646D01E}.Debug|x86.Build.0 = Debug|Any CPU
		{495EF39C-8589-4964-9A3F-A7E77646D01E}.Release|Any CPU.ActiveCfg = Release|Any CPU
		{495EF39C-8589-4964-9A3F-A7E77646D01E}.Release|Any CPU.Build.0 = Release|Any CPU
		{495EF39C-8589-4964-9A3F-A7E77646D01E}.Release|x64.ActiveCfg = Release|Any CPU
		{495EF39C-8589-4964-9A3F-A7E77646D01E}.Release|x64.Build.0 = Release|Any CPU
		{495EF39C-8589-4964-9A3F-A7E77646D01E}.Release|x86.ActiveCfg = Release|Any CPU
		{495EF39C-8589-4964-9A3F-A7E77646D01E}.Release|x86.Build.0 = Release|Any CPU
		{72849233-4323-4984-8A40-C53CC0143A78}.Debug|Any CPU.ActiveCfg = Debug|Any CPU
		{72849233-4323-4984-8A40-C53CC0143A78}.Debug|Any CPU.Build.0 = Debug|Any CPU
		{72849233-4323-4984-8A40-C53CC0143A78}.Debug|x64.ActiveCfg = Debug|Any CPU
		{72849233-4323-4984-8A40-C53CC0143A78}.Debug|x64.Build.0 = Debug|Any CPU
		{72849233-4323-4984-8A40-C53CC0143A78}.Debug|x86.ActiveCfg = Debug|Any CPU
		{72849233-4323-4984-8A40-C53CC0143A78}.Debug|x86.Build.0 = Debug|Any CPU
		{72849233-4323-4984-8A40-C53CC0143A78}.Release|Any CPU.ActiveCfg = Release|Any CPU
		{72849233-4323-4984-8A40-C53CC0143A78}.Release|Any CPU.Build.0 = Release|Any CPU
		{72849233-4323-4984-8A40-C53CC0143A78}.Release|x64.ActiveCfg = Release|Any CPU
		{72849233-4323-4984-8A40-C53CC0143A78}.Release|x64.Build.0 = Release|Any CPU
		{72849233-4323-4984-8A40-C53CC0143A78}.Release|x86.ActiveCfg = Release|Any CPU
		{72849233-4323-4984-8A40-C53CC0143A78}.Release|x86.Build.0 = Release|Any CPU
	EndGlobalSection
	GlobalSection(SolutionProperties) = preSolution
		HideSolutionNode = FALSE
	EndGlobalSection
	GlobalSection(NestedProjects) = preSolution
		{46263BAC-92FC-4083-8C68-8BFDA35A6266} = {827E0CD3-B72D-47B6-A68D-7590B98EB39B}
		{495EF39C-8589-4964-9A3F-A7E77646D01E} = {0AB3BF05-4346-4AA6-1389-037BE0695223}
		{72849233-4323-4984-8A40-C53CC0143A78} = {827E0CD3-B72D-47B6-A68D-7590B98EB39B}
	EndGlobalSection
EndGlobal
